
Microsoft Visual Studio Solution File, Format Version 12.00
# Visual Studio Version 16
VisualStudioVersion = 16.0.29215.179
MinimumVisualStudioVersion = 10.0.40219.1
Project("{FAE04EC0-301F-11D3-BF4B-00C04F79EFBC}") = "GitTest1", "GitTest1\GitTest1.csproj", "{EE03DDCB-039D-4998-808E-7900491783B8}"
EndProject
Global
	GlobalSection(SolutionConfigurationPlatforms) = preSolution
		Debug|Any CPU = Debug|Any CPU
		Release|Any CPU = Release|Any CPU
	EndGlobalSection
	GlobalSection(ProjectConfigurationPlatforms) = postSolution
		{EE03DDCB-039D-4998-808E-7900491783B8}.Debug|Any CPU.ActiveCfg = Debug|Any CPU
		{EE03DDCB-039D-4998-808E-7900491783B8}.Debug|Any CPU.Build.0 = Debug|Any CPU
		{EE03DDCB-039D-4998-808E-7900491783B8}.Release|Any CPU.ActiveCfg = Release|Any CPU
		{EE03DDCB-039D-4998-808E-7900491783B8}.Release|Any CPU.Build.0 = Release|Any CPU
	EndGlobalSection
	GlobalSection(SolutionProperties) = preSolution
		HideSolutionNode = FALSE
	EndGlobalSection
	GlobalSection(ExtensibilityGlobals) = postSolution
		SolutionGuid = {9DD1FDFD-7B4D-4914-8826-544D4DC313E4}
	EndGlobalSection
EndGlobal
